
Microsoft Visual Studio Solution File, Format Version 12.00
# Visual Studio 15
VisualStudioVersion = 15.0.26730.16
MinimumVisualStudioVersion = 10.0.40219.1
Project("{FAE04EC0-301F-11D3-BF4B-00C04F79EFBC}") = "AllFiller", "AllFiller\AllFiller.csproj", "{7EDE054D-B24A-403E-9927-0F94C05FC2EE}"
EndProject
Global
	GlobalSection(SolutionConfigurationPlatforms) = preSolution
		Debug|Any CPU = Debug|Any CPU
		Release|Any CPU = Release|Any CPU
	EndGlobalSection
	GlobalSection(ProjectConfigurationPlatforms) = postSolution
		{7EDE054D-B24A-403E-9927-0F94C05FC2EE}.Debug|Any CPU.ActiveCfg = Debug|Any CPU
		{7EDE054D-B24A-403E-9927-0F94C05FC2EE}.Debug|Any CPU.Build.0 = Debug|Any CPU
		{7EDE054D-B24A-403E-9927-0F94C05FC2EE}.Release|Any CPU.ActiveCfg = Release|Any CPU
		{7EDE054D-B24A-403E-9927-0F94C05FC2EE}.Release|Any CPU.Build.0 = Release|Any CPU
	EndGlobalSection
	GlobalSection(SolutionProperties) = preSolution
		HideSolutionNode = FALSE
	EndGlobalSection
	GlobalSection(ExtensibilityGlobals) = postSolution
		SolutionGuid = {D7257E85-8277-487F-A8FB-EF9A40B0ED6A}
	EndGlobalSection
EndGlobal
